schema: '2.0'
stages:
  data_ingestion:
    cmd: python src/data_ingestion.py
    deps:
    - path: src/data_ingestion.py
      hash: md5
      md5: d98b1402172397a679f2e3990eff9dca
      size: 3694
    params:
      params.yaml:
        data_ingestion.test_size: 0.25
    outs:
    - path: data/raw
      hash: md5
      md5: 88d82724c73a1f00d449f689df79275d.dir
      size: 484846
      nfiles: 2
  preprocessing:
    cmd: python src/preprocessing.py
    deps:
    - path: data/raw
      hash: md5
      md5: 88d82724c73a1f00d449f689df79275d.dir
      size: 484846
      nfiles: 2
    - path: src/preprocessing.py
      hash: md5
      md5: 5784e8080bbc6b54a5c94426cd6e7455
      size: 3864
    outs:
    - path: data/interim
      hash: md5
      md5: 34bb83023e6416ff318ed6f5c0a8e3e6.dir
      size: 262748
      nfiles: 2
  feature_engineering:
    cmd: python src/feature_engineering.py
    deps:
    - path: data/interim
      hash: md5
      md5: 34bb83023e6416ff318ed6f5c0a8e3e6.dir
      size: 262748
      nfiles: 2
    - path: src/feature_engineering.py
      hash: md5
      md5: eb186ea26cfcda034361bd8ca40a923e
      size: 3740
    params:
      params.yaml:
        feature_engineering.max_features: 55
    outs:
    - path: data/processed
      hash: md5
      md5: 0ee437c3c174615376045a93bd07d45c.dir
      size: 663522
      nfiles: 2
  model_training:
    cmd: python src/model_training.py
    deps:
    - path: data/processed
      hash: md5
      md5: 0ee437c3c174615376045a93bd07d45c.dir
      size: 663522
      nfiles: 2
    - path: src/model_training.py
      hash: md5
      md5: 4c2ca157db9a6c2b65c71957b54a432b
      size: 3947
    params:
      params.yaml:
        model_training.n_estimators: 20
        model_training.random_state: 2
    outs:
    - path: models/model.pkl
      hash: md5
      md5: c8d8a0b53be4c832f3d39406d1332442
      size: 435164
  model_evaluation:
    cmd: python src/model_evaluation.py
    deps:
    - path: models/model.pkl
      hash: md5
      md5: c8d8a0b53be4c832f3d39406d1332442
      size: 435164
    - path: src/model_evaluation.py
      hash: md5
      md5: 76f81fb1d6b09523acad6adb0d217ad6
      size: 4411
    outs:
    - path: reports/metrics.json
      hash: md5
      md5: a27ae9c7987f9b40a7b2040265f0b650
      size: 145
